
Microsoft Visual Studio Solution File, Format Version 12.00
# Visual Studio Version 17
VisualStudioVersion = 17.8.34330.188
MinimumVisualStudioVersion = 10.0.40219.1
Project("{FAE04EC0-301F-11D3-BF4B-00C04F79EFBC}") = "Prueba1", "Prueba1.csproj", "{ED0D093F-E58D-4BD2-B070-AC25DD84D9EC}"
EndProject
Global
	GlobalSection(SolutionConfigurationPlatforms) = preSolution
		Debug|Any CPU = Debug|Any CPU
		Release|Any CPU = Release|Any CPU
	EndGlobalSection
	GlobalSection(ProjectConfigurationPlatforms) = postSolution
		{ED0D093F-E58D-4BD2-B070-AC25DD84D9EC}.Debug|Any CPU.ActiveCfg = Debug|Any CPU
		{ED0D093F-E58D-4BD2-B070-AC25DD84D9EC}.Debug|Any CPU.Build.0 = Debug|Any CPU
		{ED0D093F-E58D-4BD2-B070-AC25DD84D9EC}.Release|Any CPU.ActiveCfg = Release|Any CPU
		{ED0D093F-E58D-4BD2-B070-AC25DD84D9EC}.Release|Any CPU.Build.0 = Release|Any CPU
	EndGlobalSection
	GlobalSection(SolutionProperties) = preSolution
		HideSolutionNode = FALSE
	EndGlobalSection
	GlobalSection(ExtensibilityGlobals) = postSolution
		SolutionGuid = {1B073373-E812-4073-9E36-461DCB2CAEFB}
	EndGlobalSection
EndGlobal
